// !$*UTF8*$!
{
	archiveVersion = 1;
	classes = {
	};
	objectVersion = 55;
	objects = {

/* Begin PBXBuildFile section */
		CE005A79279C7421002DF9D2 /* NetworkManager.swift in Sources */ = {isa = PBXBuildFile; fileRef = CE005A78279C7421002DF9D2 /* NetworkManager.swift */; };
		CE41B0B2279BD445002C775D /* AppDelegate.swift in Sources */ = {isa = PBXBuildFile; fileRef = CE41B0B1279BD445002C775D /* AppDelegate.swift */; };
		CE41B0B4279BD445002C775D /* SceneDelegate.swift in Sources */ = {isa = PBXBuildFile; fileRef = CE41B0B3279BD445002C775D /* SceneDelegate.swift */; };
		CE41B0B9279BD445002C775D /* Main.storyboard in Resources */ = {isa = PBXBuildFile; fileRef = CE41B0B7279BD445002C775D /* Main.storyboard */; };
		CE41B0BB279BD446002C775D /* Assets.xcassets in Resources */ = {isa = PBXBuildFile; fileRef = CE41B0BA279BD446002C775D /* Assets.xcassets */; };
		CE41B0BE279BD446002C775D /* LaunchScreen.storyboard in Resources */ = {isa = PBXBuildFile; fileRef = CE41B0BC279BD446002C775D /* LaunchScreen.storyboard */; };
		CE41B0C6279BD5BB002C775D /* CharactersTableViewController.swift in Sources */ = {isa = PBXBuildFile; fileRef = CE41B0C5279BD5BB002C775D /* CharactersTableViewController.swift */; };
		CE41B0C8279BD5D5002C775D /* CharacterDetailViewController.swift in Sources */ = {isa = PBXBuildFile; fileRef = CE41B0C7279BD5D5002C775D /* CharacterDetailViewController.swift */; };
/* End PBXBuildFile section */

/* Begin PBXFileReference section */
		CE005A78279C7421002DF9D2 /* NetworkManager.swift */ = {isa = PBXFileReference; lastKnownFileType = sourcecode.swift; path = NetworkManager.swift; sourceTree = "<group>"; };
		CE41B0AE279BD445002C775D /* BBChars.app */ = {isa = PBXFileReference; explicitFileType = wrapper.application; includeInIndex = 0; path = BBChars.app; sourceTree = BUILT_PRODUCTS_DIR; };
		CE41B0B1279BD445002C775D /* AppDelegate.swift */ = {isa = PBXFileReference; lastKnownFileType = sourcecode.swift; path = AppDelegate.swift; sourceTree = "<group>"; };
		CE41B0B3279BD445002C775D /* SceneDelegate.swift */ = {isa = PBXFileReference; lastKnownFileType = sourcecode.swift; path = SceneDelegate.swift; sourceTree = "<group>"; };
		CE41B0B8279BD445002C775D /* Base */ = {isa = PBXFileReference; lastKnownFileType = file.storyboard; name = Base; path = Base.lproj/Main.storyboard; sourceTree = "<group>"; };
		CE41B0BA279BD446002C775D /* Assets.xcassets */ = {isa = PBXFileReference; lastKnownFileType = folder.assetcatalog; path = Assets.xcassets; sourceTree = "<group>"; };
		CE41B0BD279BD446002C775D /* Base */ = {isa = PBXFileReference; lastKnownFileType = file.storyboard; name = Base; path = Base.lproj/LaunchScreen.storyboard; sourceTree = "<group>"; };
		CE41B0BF279BD446002C775D /* Info.plist */ = {isa = PBXFileReference; lastKnownFileType = text.plist.xml; path = Info.plist; sourceTree = "<group>"; };
		CE41B0C5279BD5BB002C775D /* CharactersTableViewController.swift */ = {isa = PBXFileReference; lastKnownFileType = sourcecode.swift; path = CharactersTableViewController.swift; sourceTree = "<group>"; };
		CE41B0C7279BD5D5002C775D /* CharacterDetailViewController.swift */ = {isa = PBXFileReference; lastKnownFileType = sourcecode.swift; path = CharacterDetailViewController.swift; sourceTree = "<group>"; };
/* End PBXFileReference section */

/* Begin PBXFrameworksBuildPhase section */
		CE41B0AB279BD445002C775D /* Frameworks */ = {
			isa = PBXFrameworksBuildPhase;
			buildActionMask = 2147483647;
			files = (
			);
			runOnlyForDeploymentPostprocessing = 0;
		};
/* End PBXFrameworksBuildPhase section */

/* Begin PBXGroup section */
		CE41B0A5279BD445002C775D = {
			isa = PBXGroup;
			children = (
				CE41B0B0279BD445002C775D /* BBChars */,
				CE41B0AF279BD445002C775D /* Products */,
			);
			sourceTree = "<group>";
		};
		CE41B0AF279BD445002C775D /* Products */ = {
			isa = PBXGroup;
			children = (
				CE41B0AE279BD445002C775D /* BBChars.app */,
			);
			name = Products;
			sourceTree = "<group>";
		};
		CE41B0B0279BD445002C775D /* BBChars */ = {
			isa = PBXGroup;
			children = (
				CE41B0B1279BD445002C775D /* AppDelegate.swift */,
				CE41B0B3279BD445002C775D /* SceneDelegate.swift */,
				CE41B0C5279BD5BB002C775D /* CharactersTableViewController.swift */,
				CE41B0C7279BD5D5002C775D /* CharacterDetailViewController.swift */,
				CE005A78279C7421002DF9D2 /* NetworkManager.swift */,
				CE41B0B7279BD445002C775D /* Main.storyboard */,
				CE41B0BC279BD446002C775D /* LaunchScreen.storyboard */,
				CE41B0BA279BD446002C775D /* Assets.xcassets */,
				CE41B0BF279BD446002C775D /* Info.plist */,
			);
			path = BBChars;
			sourceTree = "<group>";
		};
/* End PBXGroup section */

/* Begin PBXNativeTarget section */
		CE41B0AD279BD445002C775D /* BBChars */ = {
			isa = PBXNativeTarget;
			buildConfigurationList = CE41B0C2279BD446002C775D /* Build configuration list for PBXNativeTarget "BBChars" */;
			buildPhases = (
				CE41B0AA279BD445002C775D /* Sources */,
				CE41B0AB279BD445002C775D /* Frameworks */,
				CE41B0AC279BD445002C775D /* Resources */,
			);
			buildRules = (
			);
			dependencies = (
			);
			name = BBChars;
			productName = BBChars;
			productReference = CE41B0AE279BD445002C775D /* BBChars.app */;
			productType = "com.apple.product-type.application";
		};
/* End PBXNativeTarget section */

/* Begin PBXProject section */
		CE41B0A6279BD445002C775D /* Project object */ = {
			isa = PBXProject;
			attributes = {
				BuildIndependentTargetsInParallel = 1;
				LastSwiftUpdateCheck = 1320;
				LastUpgradeCheck = 1320;
				TargetAttributes = {
					CE41B0AD279BD445002C775D = {
						CreatedOnToolsVersion = 13.2.1;
					};
				};
			};
			buildConfigurationList = CE41B0A9279BD445002C775D /* Build configuration list for PBXProject "BBChars" */;
			compatibilityVersion = "Xcode 13.0";
			developmentRegion = en;
			hasScannedForEncodings = 0;
			knownRegions = (
				en,
				Base,
			);
			mainGroup = CE41B0A5279BD445002C775D;
			productRefGroup = CE41B0AF279BD445002C775D /* Products */;
			projectDirPath = "";
			projectRoot = "";
			targets = (
				CE41B0AD279BD445002C775D /* BBChars */,
			);
		};
/* End PBXProject section */

/* Begin PBXResourcesBuildPhase section */
		CE41B0AC279BD445002C775D /* Resources */ = {
			isa = PBXResourcesBuildPhase;
			buildActionMask = 2147483647;
			files = (
				CE41B0BE279BD446002C775D /* LaunchScreen.storyboard in Resources */,
				CE41B0BB279BD446002C775D /* Assets.xcassets in Resources */,
				CE41B0B9279BD445002C775D /* Main.storyboard in Resources */,
			);
			runOnlyForDeploymentPostprocessing = 0;
		};
/* End PBXResourcesBuildPhase section */

/* Begin PBXSourcesBuildPhase section */
		CE41B0AA279BD445002C775D /* Sources */ = {
			isa = PBXSourcesBuildPhase;
			buildActionMask = 2147483647;
			files = (
				CE41B0B2279BD445002C775D /* AppDelegate.swift in Sources */,
				CE41B0C8279BD5D5002C775D /* CharacterDetailViewController.swift in Sources */,
				CE005A79279C7421002DF9D2 /* NetworkManager.swift in Sources */,
				CE41B0B4279BD445002C775D /* SceneDelegate.swift in Sources */,
				CE41B0C6279BD5BB002C775D /* CharactersTableViewController.swift in Sources */,
			);
			runOnlyForDeploymentPostprocessing = 0;
		};
/* End PBXSourcesBuildPhase section */

/* Begin PBXVariantGroup section */
		CE41B0B7279BD445002C775D /* Main.storyboard */ = {
			isa = PBXVariantGroup;
			children = (
				CE41B0B8279BD445002C775D /* Base */,
			);
			name = Main.storyboard;
			sourceTree = "<group>";
		};
		CE41B0BC279BD446002C775D /* LaunchScreen.storyboard */ = {
			isa = PBXVariantGroup;
			children = (
				CE41B0BD279BD446002C775D /* Base */,
			);
			name = LaunchScreen.storyboard;
			sourceTree = "<group>";
		};
/* End PBXVariantGroup section */

/* Begin XCBuildConfiguration section */
		CE41B0C0279BD446002C775D /* Debug */ = {
			isa = XCBuildConfiguration;
			buildSettings = {
				ALWAYS_SEARCH_USER_PATHS = NO;
				CLANG_ANALYZER_NONNULL = YES;
				CLANG_ANALYZER_NUMBER_OBJECT_CONVERSION = YES_AGGRESSIVE;
				CLANG_CXX_LANGUAGE_STANDARD = "gnu++17";
				CLANG_CXX_LIBRARY = "libc++";
				CLANG_ENABLE_MODULES = YES;
				CLANG_ENABLE_OBJC_ARC = YES;
				CLANG_ENABLE_OBJC_WEAK = YES;
				CLANG_WARN_BLOCK_CAPTURE_AUTORELEASING = YES;
				CLANG_WARN_BOOL_CONVERSION = YES;
				CLANG_WARN_COMMA = YES;
				CLANG_WARN_CONSTANT_CONVERSION = YES;
				CLANG_WARN_DEPRECATED_OBJC_IMPLEMENTATIONS = YES;
				CLANG_WARN_DIRECT_OBJC_ISA_USAGE = YES_ERROR;
				CLANG_WARN_DOCUMENTATION_COMMENTS = YES;
				CLANG_WARN_EMPTY_BODY = YES;
				CLANG_WARN_ENUM_CONVERSION = YES;
				CLANG_WARN_INFINITE_RECURSION = YES;
				CLANG_WARN_INT_CONVERSION = YES;
				CLANG_WARN_NON_LITERAL_NULL_CONVERSION = YES;
				CLANG_WARN_OBJC_IMPLICIT_RETAIN_SELF = YES;
				CLANG_WARN_OBJC_LITERAL_CONVERSION = YES;
				CLANG_WARN_OBJC_ROOT_CLASS = YES_ERROR;
				CLANG_WARN_QUOTED_INCLUDE_IN_FRAMEWORK_HEADER = YES;
				CLANG_WARN_RANGE_LOOP_ANALYSIS = YES;
				CLANG_WARN_STRICT_PROTOTYPES = YES;
				CLANG_WARN_SUSPICIOUS_MOVE = YES;
				CLANG_WARN_UNGUARDED_AVAILABILITY = YES_AGGRESSIVE;
				CLANG_WARN_UNREACHABLE_CODE = YES;
				CLANG_WARN__DUPLICATE_METHOD_MATCH = YES;
				COPY_PHASE_STRIP = NO;
				DEBUG_INFORMATION_FORMAT = dwarf;
				ENABLE_STRICT_OBJC_MSGSEND = YES;
				ENABLE_TESTABILITY = YES;
				GCC_C_LANGUAGE_STANDARD = gnu11;
				GCC_DYNAMIC_NO_PIC = NO;
				GCC_NO_COMMON_BLOCKS = YES;
				GCC_OPTIMIZATION_LEVEL = 0;
				GCC_PREPROCESSOR_DEFINITIONS = (
					"DEBUG=1",
					"$(inherited)",
				);
				GCC_WARN_64_TO_32_BIT_CONVERSION = YES;
				GCC_WARN_ABOUT_RETURN_TYPE = YES_ERROR;
				GCC_WARN_UNDECLARED_SELECTOR = YES;
				GCC_WARN_UNINITIALIZED_AUTOS = YES_AGGRESSIVE;
				GCC_WARN_UNUSED_FUNCTION = YES;
				GCC_WARN_UNUSED_VARIABLE = YES;
				IPHONEOS_DEPLOYMENT_TARGET = 11.0;
				MTL_ENABLE_DEBUG_INFO = INCLUDE_SOURCE;
				MTL_FAST_MATH = YES;
				ONLY_ACTIVE_ARCH = YES;
				SDKROOT = iphoneos;
				SWIFT_ACTIVE_COMPILATION_CONDITIONS = DEBUG;
				SWIFT_OPTIMIZATION_LEVEL = "-Onone";
			};
			name = Debug;
		};
		CE41B0C1279BD446002C775D /* Release */ = {
			isa = XCBuildConfiguration;
			buildSettings = {
				ALWAYS_SEARCH_USER_PATHS = NO;
				CLANG_ANALYZER_NONNULL = YES;
				CLANG_ANALYZER_NUMBER_OBJECT_CONVERSION = YES_AGGRESSIVE;
				CLANG_CXX_LANGUAGE_STANDARD = "gnu++17";
				CLANG_CXX_LIBRARY = "libc++";
				CLANG_ENABLE_MODULES = YES;
				CLANG_ENABLE_OBJC_ARC = YES;
				CLANG_ENABLE_OBJC_WEAK = YES;
				CLANG_WARN_BLOCK_CAPTURE_AUTORELEASING = YES;
				CLANG_WARN_BOOL_CONVERSION = YES;
				CLANG_WARN_COMMA = YES;
				CLANG_WARN_CONSTANT_CONVERSION = YES;
				CLANG_WARN_DEPRECATED_OBJC_IMPLEMENTATIONS = YES;
				CLANG_WARN_DIRECT_OBJC_ISA_USAGE = YES_ERROR;
				CLANG_WARN_DOCUMENTATION_COMMENTS = YES;
				CLANG_WARN_EMPTY_BODY = YES;
				CLANG_WARN_ENUM_CONVERSION = YES;
				CLANG_WARN_INFINITE_RECURSION = YES;
				CLANG_WARN_INT_CONVERSION = YES;
				CLANG_WARN_NON_LITERAL_NULL_CONVERSION = YES;
				CLANG_WARN_OBJC_IMPLICIT_RETAIN_SELF = YES;
				CLANG_WARN_OBJC_LITERAL_CONVERSION = YES;
				CLANG_WARN_OBJC_ROOT_CLASS = YES_ERROR;
				CLANG_WARN_QUOTED_INCLUDE_IN_FRAMEWORK_HEADER = YES;
				CLANG_WARN_RANGE_LOOP_ANALYSIS = YES;
				CLANG_WARN_STRICT_PROTOTYPES = YES;
				CLANG_WARN_SUSPICIOUS_MOVE = YES;
				CLANG_WARN_UNGUARDED_AVAILABILITY = YES_AGGRESSIVE;
				CLANG_WARN_UNREACHABLE_CODE = YES;
				CLANG_WARN__DUPLICATE_METHOD_MATCH = YES;
				COPY_PHASE_STRIP = NO;
				DEBUG_INFORMATION_FORMAT = "dwarf-with-dsym";
				ENABLE_NS_ASSERTIONS = NO;
				ENABLE_STRICT_OBJC_MSGSEND = YES;
				GCC_C_LANGUAGE_STANDARD = gnu11;
				GCC_NO_COMMON_BLOCKS = YES;
				GCC_WARN_64_TO_32_BIT_CONVERSION = YES;
				GCC_WARN_ABOUT_RETURN_TYPE = YES_ERROR;
				GCC_WARN_UNDECLARED_SELECTOR = YES;
				GCC_WARN_UNINITIALIZED_AUTOS = YES_AGGRESSIVE;
				GCC_WARN_UNUSED_FUNCTION = YES;
				GCC_WARN_UNUSED_VARIABLE = YES;
				IPHONEOS_DEPLOYMENT_TARGET = 11.0;
				MTL_ENABLE_DEBUG_INFO = NO;
				MTL_FAST_MATH = YES;
				SDKROOT = iphoneos;
				SWIFT_COMPILATION_MODE = wholemodule;
				SWIFT_OPTIMIZATION_LEVEL = "-O";
				VALIDATE_PRODUCT = YES;
			};
			name = Release;
		};
		CE41B0C3279BD446002C775D /* Debug */ = {
			isa = XCBuildConfiguration;
			buildSettings = {
				ASSETCATALOG_COMPILER_APPICON_NAME = AppIcon;
				ASSETCATALOG_COMPILER_GLOBAL_ACCENT_COLOR_NAME = AccentColor;
				CODE_SIGN_STYLE = Automatic;
				CURRENT_PROJECT_VERSION = 1;
				DEVELOPMENT_TEAM = TC9798L759;
				GENERATE_INFOPLIST_FILE = YES;
				INFOPLIST_FILE = BBChars/Info.plist;
				INFOPLIST_KEY_UIApplicationSupportsIndirectInputEvents = YES;
				INFOPLIST_KEY_UILaunchStoryboardName = LaunchScreen;
				INFOPLIST_KEY_UIMainStoryboardFile = Main;
				INFOPLIST_KEY_UISupportedInterfaceOrientations_iPad = "UIInterfaceOrientationPortrait UIInterfaceOrientationPortraitUpsideDown UIInterfaceOrientationLandscapeLeft UIInterfaceOrientationLandscapeRight";
				INFOPLIST_KEY_UISupportedInterfaceOrientations_iPhone = "UIInterfaceOrientationPortrait UIInterfaceOrientationLandscapeLeft UIInterfaceOrientationLandscapeRight";
				LD_RUNPATH_SEARCH_PATHS = (
					"$(inherited)",
					"@executable_path/Frameworks",
				);
				MARKETING_VERSION = 1.0;
				PRODUCT_BUNDLE_IDENTIFIER = me.yuriershov.BBChars;
				PRODUCT_NAME = "$(TARGET_NAME)";
				SWIFT_EMIT_LOC_STRINGS = YES;
				SWIFT_VERSION = 5.0;
				TARGETED_DEVICE_FAMILY = "1,2";
			};
			name = Debug;
		};
		CE41B0C4279BD446002C775D /* Release */ = {
			isa = XCBuildConfiguration;
			buildSettings = {
				ASSETCATALOG_COMPILER_APPICON_NAME = AppIcon;
				ASSETCATALOG_COMPILER_GLOBAL_ACCENT_COLOR_NAME = AccentColor;
				CODE_SIGN_STYLE = Automatic;
				CURRENT_PROJECT_VERSION = 1;
				DEVELOPMENT_TEAM = TC9798L759;
				GENERATE_INFOPLIST_FILE = YES;
				INFOPLIST_FILE = BBChars/Info.plist;
				INFOPLIST_KEY_UIApplicationSupportsIndirectInputEvents = YES;
				INFOPLIST_KEY_UILaunchStoryboardName = LaunchScreen;
				INFOPLIST_KEY_UIMainStoryboardFile = Main;
				INFOPLIST_KEY_UISupportedInterfaceOrientations_iPad = "UIInterfaceOrientationPortrait UIInterfaceOrientationPortraitUpsideDown UIInterfaceOrientationLandscapeLeft UIInterfaceOrientationLandscapeRight";
				INFOPLIST_KEY_UISupportedInterfaceOrientations_iPhone = "UIInterfaceOrientationPortrait UIInterfaceOrientationLandscapeLeft UIInterfaceOrientationLandscapeRight";
				LD_RUNPATH_SEARCH_PATHS = (
					"$(inherited)",
					"@executable_path/Frameworks",
				);
				MARKETING_VERSION = 1.0;
				PRODUCT_BUNDLE_IDENTIFIER = me.yuriershov.BBChars;
				PRODUCT_NAME = "$(TARGET_NAME)";
				SWIFT_EMIT_LOC_STRINGS = YES;
				SWIFT_VERSION = 5.0;
				TARGETED_DEVICE_FAMILY = "1,2";
			};
			name = Release;
		};
/* End XCBuildConfiguration section */

/* Begin XCConfigurationList section */
		CE41B0A9279BD445002C775D /* Build configuration list for PBXProject "BBChars" */ = {
			isa = XCConfigurationList;
			buildConfigurations = (
				CE41B0C0279BD446002C775D /* Debug */,
				CE41B0C1279BD446002C775D /* Release */,
			);
			defaultConfigurationIsVisible = 0;
			defaultConfigurationName = Release;
		};
		CE41B0C2279BD446002C775D /* Build configuration list for PBXNativeTarget "BBChars" */ = {
			isa = XCConfigurationList;
			buildConfigurations = (
				CE41B0C3279BD446002C775D /* Debug */,
				CE41B0C4279BD446002C775D /* Release */,
			);
			defaultConfigurationIsVisible = 0;
			defaultConfigurationName = Release;
		};
/* End XCConfigurationList section */
	};
	rootObject = CE41B0A6279BD445002C775D /* Project object */;
}
